// !$*UTF8*$!
{
	archiveVersion = 1;
	classes = {
	};
	objectVersion = 46;
	objects = {

/* Begin PBXBuildFile section */
		B04889CF1A26F1E600ABBA1A /* main.m in Sources */ = {isa = PBXBuildFile; fileRef = B04889CE1A26F1E600ABBA1A /* main.m */; };
		B04889D21A26F1E600ABBA1A /* AppDelegate.m in Sources */ = {isa = PBXBuildFile; fileRef = B04889D11A26F1E600ABBA1A /* AppDelegate.m */; };
		B04889D51A26F1E600ABBA1A /* ViewController.m in Sources */ = {isa = PBXBuildFile; fileRef = B04889D41A26F1E600ABBA1A /* ViewController.m */; };
		B04889D81A26F1E600ABBA1A /* Main.storyboard in Resources */ = {isa = PBXBuildFile; fileRef = B04889D61A26F1E600ABBA1A /* Main.storyboard */; };
		B04889DA1A26F1E600ABBA1A /* Images.xcassets in Resources */ = {isa = PBXBuildFile; fileRef = B04889D91A26F1E600ABBA1A /* Images.xcassets */; };
		B04889DD1A26F1E600ABBA1A /* LaunchScreen.xib in Resources */ = {isa = PBXBuildFile; fileRef = B04889DB1A26F1E600ABBA1A /* LaunchScreen.xib */; };
		B04889E91A26F1E600ABBA1A /* TouchIDTests.m in Sources */ = {isa = PBXBuildFile; fileRef = B04889E81A26F1E600ABBA1A /* TouchIDTests.m */; };
		B04889F41A26F1F600ABBA1A /* TouchIDService.m in Sources */ = {isa = PBXBuildFile; fileRef = B04889F31A26F1F600ABBA1A /* TouchIDService.m */; };
/* End PBXBuildFile section */

/* Begin PBXContainerItemProxy section */
		B04889E31A26F1E600ABBA1A /* PBXContainerItemProxy */ = {
			isa = PBXContainerItemProxy;
			containerPortal = B04889C11A26F1E600ABBA1A /* Project object */;
			proxyType = 1;
			remoteGlobalIDString = B04889C81A26F1E600ABBA1A;
			remoteInfo = TouchID;
		};
/* End PBXContainerItemProxy section */

/* Begin PBXFileReference section */
		B04889C91A26F1E600ABBA1A /* TouchID.app */ = {isa = PBXFileReference; explicitFileType = wrapper.application; includeInIndex = 0; path = TouchID.app; sourceTree = BUILT_PRODUCTS_DIR; };
		B04889CD1A26F1E600ABBA1A /* Info.plist */ = {isa = PBXFileReference; lastKnownFileType = text.plist.xml; path = Info.plist; sourceTree = "<group>"; };
		B04889CE1A26F1E600ABBA1A /* main.m */ = {isa = PBXFileReference; lastKnownFileType = sourcecode.c.objc; path = main.m; sourceTree = "<group>"; };
		B04889D01A26F1E600ABBA1A /* AppDelegate.h */ = {isa = PBXFileReference; lastKnownFileType = sourcecode.c.h; path = AppDelegate.h; sourceTree = "<group>"; };
		B04889D11A26F1E600ABBA1A /* AppDelegate.m */ = {isa = PBXFileReference; lastKnownFileType = sourcecode.c.objc; path = AppDelegate.m; sourceTree = "<group>"; };
		B04889D31A26F1E600ABBA1A /* ViewController.h */ = {isa = PBXFileReference; lastKnownFileType = sourcecode.c.h; path = ViewController.h; sourceTree = "<group>"; };
		B04889D41A26F1E600ABBA1A /* ViewController.m */ = {isa = PBXFileReference; lastKnownFileType = sourcecode.c.objc; path = ViewController.m; sourceTree = "<group>"; };
		B04889D71A26F1E600ABBA1A /* Base */ = {isa = PBXFileReference; lastKnownFileType = file.storyboard; name = Base; path = Base.lproj/Main.storyboard; sourceTree = "<group>"; };
		B04889D91A26F1E600ABBA1A /* Images.xcassets */ = {isa = PBXFileReference; lastKnownFileType = folder.assetcatalog; path = Images.xcassets; sourceTree = "<group>"; };
		B04889DC1A26F1E600ABBA1A /* Base */ = {isa = PBXFileReference; lastKnownFileType = file.xib; name = Base; path = Base.lproj/LaunchScreen.xib; sourceTree = "<group>"; };
		B04889E21A26F1E600ABBA1A /* TouchIDTests.xctest */ = {isa = PBXFileReference; explicitFileType = wrapper.cfbundle; includeInIndex = 0; path = TouchIDTests.xctest; sourceTree = BUILT_PRODUCTS_DIR; };
		B04889E71A26F1E600ABBA1A /* Info.plist */ = {isa = PBXFileReference; lastKnownFileType = text.plist.xml; path = Info.plist; sourceTree = "<group>"; };
		B04889E81A26F1E600ABBA1A /* TouchIDTests.m */ = {isa = PBXFileReference; lastKnownFileType = sourcecode.c.objc; path = TouchIDTests.m; sourceTree = "<group>"; };
		B04889F21A26F1F600ABBA1A /* TouchIDService.h */ = {isa = PBXFileReference; fileEncoding = 4; lastKnownFileType = sourcecode.c.h; path = TouchIDService.h; sourceTree = "<group>"; };
		B04889F31A26F1F600ABBA1A /* TouchIDService.m */ = {isa = PBXFileReference; fileEncoding = 4; lastKnownFileType = sourcecode.c.objc; path = TouchIDService.m; sourceTree = "<group>"; };
/* End PBXFileReference section */

/* Begin PBXFrameworksBuildPhase section */
		B04889C61A26F1E600ABBA1A /* Frameworks */ = {
			isa = PBXFrameworksBuildPhase;
			buildActionMask = 2147483647;
			files = (
			);
			runOnlyForDeploymentPostprocessing = 0;
		};
		B04889DF1A26F1E600ABBA1A /* Frameworks */ = {
			isa = PBXFrameworksBuildPhase;
			buildActionMask = 2147483647;
			files = (
			);
			runOnlyForDeploymentPostprocessing = 0;
		};
/* End PBXFrameworksBuildPhase section */

/* Begin PBXGroup section */
		B04889C01A26F1E600ABBA1A = {
			isa = PBXGroup;
			children = (
				B04889CB1A26F1E600ABBA1A /* TouchID */,
				B04889E51A26F1E600ABBA1A /* TouchIDTests */,
				B04889CA1A26F1E600ABBA1A /* Products */,
			);
			sourceTree = "<group>";
		};
		B04889CA1A26F1E600ABBA1A /* Products */ = {
			isa = PBXGroup;
			children = (
				B04889C91A26F1E600ABBA1A /* TouchID.app */,
				B04889E21A26F1E600ABBA1A /* TouchIDTests.xctest */,
			);
			name = Products;
			sourceTree = "<group>";
		};
		B04889CB1A26F1E600ABBA1A /* TouchID */ = {
			isa = PBXGroup;
			children = (
				B04889F21A26F1F600ABBA1A /* TouchIDService.h */,
				B04889F31A26F1F600ABBA1A /* TouchIDService.m */,
				B04889D01A26F1E600ABBA1A /* AppDelegate.h */,
				B04889D11A26F1E600ABBA1A /* AppDelegate.m */,
				B04889D31A26F1E600ABBA1A /* ViewController.h */,
				B04889D41A26F1E600ABBA1A /* ViewController.m */,
				B04889D61A26F1E600ABBA1A /* Main.storyboard */,
				B04889D91A26F1E600ABBA1A /* Images.xcassets */,
				B04889DB1A26F1E600ABBA1A /* LaunchScreen.xib */,
				B04889CC1A26F1E600ABBA1A /* Supporting Files */,
			);
			path = TouchID;
			sourceTree = "<group>";
		};
		B04889CC1A26F1E600ABBA1A /* Supporting Files */ = {
			isa = PBXGroup;
			children = (
				B04889CD1A26F1E600ABBA1A /* Info.plist */,
				B04889CE1A26F1E600ABBA1A /* main.m */,
			);
			name = "Supporting Files";
			sourceTree = "<group>";
		};
		B04889E51A26F1E600ABBA1A /* TouchIDTests */ = {
			isa = PBXGroup;
			children = (
				B04889E81A26F1E600ABBA1A /* TouchIDTests.m */,
				B04889E61A26F1E600ABBA1A /* Supporting Files */,
			);
			path = TouchIDTests;
			sourceTree = "<group>";
		};
		B04889E61A26F1E600ABBA1A /* Supporting Files */ = {
			isa = PBXGroup;
			children = (
				B04889E71A26F1E600ABBA1A /* Info.plist */,
			);
			name = "Supporting Files";
			sourceTree = "<group>";
		};
/* End PBXGroup section */

/* Begin PBXNativeTarget section */
		B04889C81A26F1E600ABBA1A /* TouchID */ = {
			isa = PBXNativeTarget;
			buildConfigurationList = B04889EC1A26F1E600ABBA1A /* Build configuration list for PBXNativeTarget "TouchID" */;
			buildPhases = (
				B04889C51A26F1E600ABBA1A /* Sources */,
				B04889C61A26F1E600ABBA1A /* Frameworks */,
				B04889C71A26F1E600ABBA1A /* Resources */,
			);
			buildRules = (
			);
			dependencies = (
			);
			name = TouchID;
			productName = TouchID;
			productReference = B04889C91A26F1E600ABBA1A /* TouchID.app */;
			productType = "com.apple.product-type.application";
		};
		B04889E11A26F1E600ABBA1A /* TouchIDTests */ = {
			isa = PBXNativeTarget;
			buildConfigurationList = B04889EF1A26F1E600ABBA1A /* Build configuration list for PBXNativeTarget "TouchIDTests" */;
			buildPhases = (
				B04889DE1A26F1E600ABBA1A /* Sources */,
				B04889DF1A26F1E600ABBA1A /* Frameworks */,
				B04889E01A26F1E600ABBA1A /* Resources */,
			);
			buildRules = (
			);
			dependencies = (
				B04889E41A26F1E600ABBA1A /* PBXTargetDependency */,
			);
			name = TouchIDTests;
			productName = TouchIDTests;
			productReference = B04889E21A26F1E600ABBA1A /* TouchIDTests.xctest */;
			productType = "com.apple.product-type.bundle.unit-test";
		};
/* End PBXNativeTarget section */

/* Begin PBXProject section */
		B04889C11A26F1E600ABBA1A /* Project object */ = {
			isa = PBXProject;
			attributes = {
				LastUpgradeCheck = 0610;
				ORGANIZATIONNAME = "卓哥的世界你不懂";
				TargetAttributes = {
					B04889C81A26F1E600ABBA1A = {
						CreatedOnToolsVersion = 6.1;
					};
					B04889E11A26F1E600ABBA1A = {
						CreatedOnToolsVersion = 6.1;
						TestTargetID = B04889C81A26F1E600ABBA1A;
					};
				};
			};
			buildConfigurationList = B04889C41A26F1E600ABBA1A /* Build configuration list for PBXProject "TouchID" */;
			compatibilityVersion = "Xcode 3.2";
			developmentRegion = English;
			hasScannedForEncodings = 0;
			knownRegions = (
				en,
				Base,
			);
			mainGroup = B04889C01A26F1E600ABBA1A;
			productRefGroup = B04889CA1A26F1E600ABBA1A /* Products */;
			projectDirPath = "";
			projectRoot = "";
			targets = (
				B04889C81A26F1E600ABBA1A /* TouchID */,
				B04889E11A26F1E600ABBA1A /* TouchIDTests */,
			);
		};
/* End PBXProject section */

/* Begin PBXResourcesBuildPhase section */
		B04889C71A26F1E600ABBA1A /* Resources */ = {
			isa = PBXResourcesBuildPhase;
			buildActionMask = 2147483647;
			files = (
				B04889D81A26F1E600ABBA1A /* Main.storyboard in Resources */,
				B04889DD1A26F1E600ABBA1A /* LaunchScreen.xib in Resources */,
				B04889DA1A26F1E600ABBA1A /* Images.xcassets in Resources */,
			);
			runOnlyForDeploymentPostprocessing = 0;
		};
		B04889E01A26F1E600ABBA1A /* Resources */ = {
			isa = PBXResourcesBuildPhase;
			buildActionMask = 2147483647;
			files = (
			);
			runOnlyForDeploymentPostprocessing = 0;
		};
/* End PBXResourcesBuildPhase section */

/* Begin PBXSourcesBuildPhase section */
		B04889C51A26F1E600ABBA1A /* Sources */ = {
			isa = PBXSourcesBuildPhase;
			buildActionMask = 2147483647;
			files = (
				B04889F41A26F1F600ABBA1A /* TouchIDService.m in Sources */,
				B04889D51A26F1E600ABBA1A /* ViewController.m in Sources */,
				B04889D21A26F1E600ABBA1A /* AppDelegate.m in Sources */,
				B04889CF1A26F1E600ABBA1A /* main.m in Sources */,
			);
			runOnlyForDeploymentPostprocessing = 0;
		};
		B04889DE1A26F1E600ABBA1A /* Sources */ = {
			isa = PBXSourcesBuildPhase;
			buildActionMask = 2147483647;
			files = (
				B04889E91A26F1E600ABBA1A /* TouchIDTests.m in Sources */,
			);
			runOnlyForDeploymentPostprocessing = 0;
		};
/* End PBXSourcesBuildPhase section */

/* Begin PBXTargetDependency section */
		B04889E41A26F1E600ABBA1A /* PBXTargetDependency */ = {
			isa = PBXTargetDependency;
			target = B04889C81A26F1E600ABBA1A /* TouchID */;
			targetProxy = B04889E31A26F1E600ABBA1A /* PBXContainerItemProxy */;
		};
/* End PBXTargetDependency section */

/* Begin PBXVariantGroup section */
		B04889D61A26F1E600ABBA1A /* Main.storyboard */ = {
			isa = PBXVariantGroup;
			children = (
				B04889D71A26F1E600ABBA1A /* Base */,
			);
			name = Main.storyboard;
			sourceTree = "<group>";
		};
		B04889DB1A26F1E600ABBA1A /* LaunchScreen.xib */ = {
			isa = PBXVariantGroup;
			children = (
				B04889DC1A26F1E600ABBA1A /* Base */,
			);
			name = LaunchScreen.xib;
			sourceTree = "<group>";
		};
/* End PBXVariantGroup section */

/* Begin XCBuildConfiguration section */
		B04889EA1A26F1E600ABBA1A /* Debug */ = {
			isa = XCBuildConfiguration;
			buildSettings = {
				ALWAYS_SEARCH_USER_PATHS = NO;
				CLANG_CXX_LANGUAGE_STANDARD = "gnu++0x";
				CLANG_CXX_LIBRARY = "libc++";
				CLANG_ENABLE_MODULES = YES;
				CLANG_ENABLE_OBJC_ARC = YES;
				CLANG_WARN_BOOL_CONVERSION = YES;
				CLANG_WARN_CONSTANT_CONVERSION = YES;
				CLANG_WARN_DIRECT_OBJC_ISA_USAGE = YES_ERROR;
				CLANG_WARN_EMPTY_BODY = YES;
				CLANG_WARN_ENUM_CONVERSION = YES;
				CLANG_WARN_INT_CONVERSION = YES;
				CLANG_WARN_OBJC_ROOT_CLASS = YES_ERROR;
				CLANG_WARN_UNREACHABLE_CODE = YES;
				CLANG_WARN__DUPLICATE_METHOD_MATCH = YES;
				"CODE_SIGN_IDENTITY[sdk=iphoneos*]" = "iPhone Developer";
				COPY_PHASE_STRIP = NO;
				ENABLE_STRICT_OBJC_MSGSEND = YES;
				GCC_C_LANGUAGE_STANDARD = gnu99;
				GCC_DYNAMIC_NO_PIC = NO;
				GCC_OPTIMIZATION_LEVEL = 0;
				GCC_PREPROCESSOR_DEFINITIONS = (
					"DEBUG=1",
					"$(inherited)",
				);
				GCC_SYMBOLS_PRIVATE_EXTERN = NO;
				GCC_WARN_64_TO_32_BIT_CONVERSION = YES;
				GCC_WARN_ABOUT_RETURN_TYPE = YES_ERROR;
				GCC_WARN_UNDECLARED_SELECTOR = YES;
				GCC_WARN_UNINITIALIZED_AUTOS = YES_AGGRESSIVE;
				GCC_WARN_UNUSED_FUNCTION = YES;
				GCC_WARN_UNUSED_VARIABLE = YES;
				IPHONEOS_DEPLOYMENT_TARGET = 8.1;
				MTL_ENABLE_DEBUG_INFO = YES;
				ONLY_ACTIVE_ARCH = YES;
				SDKROOT = iphoneos;
			};
			name = Debug;
		};
		B04889EB1A26F1E600ABBA1A /* Release */ = {
			isa = XCBuildConfiguration;
			buildSettings = {
				ALWAYS_SEARCH_USER_PATHS = NO;
				CLANG_CXX_LANGUAGE_STANDARD = "gnu++0x";
				CLANG_CXX_LIBRARY = "libc++";
				CLANG_ENABLE_MODULES = YES;
				CLANG_ENABLE_OBJC_ARC = YES;
				CLANG_WARN_BOOL_CONVERSION = YES;
				CLANG_WARN_CONSTANT_CONVERSION = YES;
				CLANG_WARN_DIRECT_OBJC_ISA_USAGE = YES_ERROR;
				CLANG_WARN_EMPTY_BODY = YES;
				CLANG_WARN_ENUM_CONVERSION = YES;
				CLANG_WARN_INT_CONVERSION = YES;
				CLANG_WARN_OBJC_ROOT_CLASS = YES_ERROR;
				CLANG_WARN_UNREACHABLE_CODE = YES;
				CLANG_WARN__DUPLICATE_METHOD_MATCH = YES;
				"CODE_SIGN_IDENTITY[sdk=iphoneos*]" = "iPhone Developer";
				COPY_PHASE_STRIP = YES;
				ENABLE_NS_ASSERTIONS = NO;
				ENABLE_STRICT_OBJC_MSGSEND = YES;
				GCC_C_LANGUAGE_STANDARD = gnu99;
				GCC_WARN_64_TO_32_BIT_CONVERSION = YES;
				GCC_WARN_ABOUT_RETURN_TYPE = YES_ERROR;
				GCC_WARN_UNDECLARED_SELECTOR = YES;
				GCC_WARN_UNINITIALIZED_AUTOS = YES_AGGRESSIVE;
				GCC_WARN_UNUSED_FUNCTION = YES;
				GCC_WARN_UNUSED_VARIABLE = YES;
				IPHONEOS_DEPLOYMENT_TARGET = 8.1;
				MTL_ENABLE_DEBUG_INFO = NO;
				SDKROOT = iphoneos;
				VALIDATE_PRODUCT = YES;
			};
			name = Release;
		};
		B04889ED1A26F1E600ABBA1A /* Debug */ = {
			isa = XCBuildConfiguration;
			buildSettings = {
				ASSETCATALOG_COMPILER_APPICON_NAME = AppIcon;
				INFOPLIST_FILE = TouchID/Info.plist;
				LD_RUNPATH_SEARCH_PATHS = "$(inherited) @executable_path/Frameworks";
				PRODUCT_NAME = "$(TARGET_NAME)";
			};
			name = Debug;
		};
		B04889EE1A26F1E600ABBA1A /* Release */ = {
			isa = XCBuildConfiguration;
			buildSettings = {
				ASSETCATALOG_COMPILER_APPICON_NAME = AppIcon;
				INFOPLIST_FILE = TouchID/Info.plist;
				LD_RUNPATH_SEARCH_PATHS = "$(inherited) @executable_path/Frameworks";
				PRODUCT_NAME = "$(TARGET_NAME)";
			};
			name = Release;
		};
		B04889F01A26F1E600ABBA1A /* Debug */ = {
			isa = XCBuildConfiguration;
			buildSettings = {
				BUNDLE_LOADER = "$(TEST_HOST)";
				FRAMEWORK_SEARCH_PATHS = (
					"$(SDKROOT)/Developer/Library/Frameworks",
					"$(inherited)",
				);
				GCC_PREPROCESSOR_DEFINITIONS = (
					"DEBUG=1",
					"$(inherited)",
				);
				INFOPLIST_FILE = TouchIDTests/Info.plist;
				LD_RUNPATH_SEARCH_PATHS = "$(inherited) @executable_path/Frameworks @loader_path/Frameworks";
				PRODUCT_NAME = "$(TARGET_NAME)";
				TEST_HOST = "$(BUILT_PRODUCTS_DIR)/TouchID.app/TouchID";
			};
			name = Debug;
		};
		B04889F11A26F1E600ABBA1A /* Release */ = {
			isa = XCBuildConfiguration;
			buildSettings = {
				BUNDLE_LOADER = "$(TEST_HOST)";
				FRAMEWORK_SEARCH_PATHS = (
					"$(SDKROOT)/Developer/Library/Frameworks",
					"$(inherited)",
				);
				INFOPLIST_FILE = TouchIDTests/Info.plist;
				LD_RUNPATH_SEARCH_PATHS = "$(inherited) @executable_path/Frameworks @loader_path/Frameworks";
				PRODUCT_NAME = "$(TARGET_NAME)";
				TEST_HOST = "$(BUILT_PRODUCTS_DIR)/TouchID.app/TouchID";
			};
			name = Release;
		};
/* End XCBuildConfiguration section */

/* Begin XCConfigurationList section */
		B04889C41A26F1E600ABBA1A /* Build configuration list for PBXProject "TouchID" */ = {
			isa = XCConfigurationList;
			buildConfigurations = (
				B04889EA1A26F1E600ABBA1A /* Debug */,
				B04889EB1A26F1E600ABBA1A /* Release */,
			);
			defaultConfigurationIsVisible = 0;
			defaultConfigurationName = Release;
		};
		B04889EC1A26F1E600ABBA1A /* Build configuration list for PBXNativeTarget "TouchID" */ = {
			isa = XCConfigurationList;
			buildConfigurations = (
				B04889ED1A26F1E600ABBA1A /* Debug */,
				B04889EE1A26F1E600ABBA1A /* Release */,
			);
			defaultConfigurationIsVisible = 0;
			defaultConfigurationName = Release;
		};
		B04889EF1A26F1E600ABBA1A /* Build configuration list for PBXNativeTarget "TouchIDTests" */ = {
			isa = XCConfigurationList;
			buildConfigurations = (
				B04889F01A26F1E600ABBA1A /* Debug */,
				B04889F11A26F1E600ABBA1A /* Release */,
			);
			defaultConfigurationIsVisible = 0;
			defaultConfigurationName = Release;
		};
/* End XCConfigurationList section */
	};
	rootObject = B04889C11A26F1E600ABBA1A /* Project object */;
}
